// !$*UTF8*$!
{
	archiveVersion = 1;
	classes = {
	};
	objectVersion = 55;
	objects = {

/* Begin PBXBuildFile section */
		8B359E9028A54FB700B1D376 /* CurrencyFormatter.swift in Sources */ = {isa = PBXBuildFile; fileRef = 8B359E8F28A54FB700B1D376 /* CurrencyFormatter.swift */; };
		8B53E97728467AF200486A74 /* UIViewController+Utils.swift in Sources */ = {isa = PBXBuildFile; fileRef = 8B53E97628467AF200486A74 /* UIViewController+Utils.swift */; };
		8B53E97928467CF000486A74 /* MainViewController.swift in Sources */ = {isa = PBXBuildFile; fileRef = 8B53E97828467CF000486A74 /* MainViewController.swift */; };
		8B5DB88F283FDEA70060ACBC /* LocaleState.swift in Sources */ = {isa = PBXBuildFile; fileRef = 8B5DB88E283FDEA70060ACBC /* LocaleState.swift */; };
		8B6155B7284A6F6700DB30E6 /* AccountSummaryViewController.swift in Sources */ = {isa = PBXBuildFile; fileRef = 8B6155B6284A6F6700DB30E6 /* AccountSummaryViewController.swift */; };
		8B6155BA284A737700DB30E6 /* AccountSummaryHeaderView.swift in Sources */ = {isa = PBXBuildFile; fileRef = 8B6155B9284A737700DB30E6 /* AccountSummaryHeaderView.swift */; };
		8B6155BC284A73C900DB30E6 /* AccountSummaryHeaderView.xib in Resources */ = {isa = PBXBuildFile; fileRef = 8B6155BB284A73C900DB30E6 /* AccountSummaryHeaderView.xib */; };
		8BB1C7A82835612B0078DB08 /* OnboardingContainerViewController.swift in Sources */ = {isa = PBXBuildFile; fileRef = 8BB1C7A72835612B0078DB08 /* OnboardingContainerViewController.swift */; };
		8BB1C7AA283566B20078DB08 /* OnboardingViewController.swift in Sources */ = {isa = PBXBuildFile; fileRef = 8BB1C7A9283566B20078DB08 /* OnboardingViewController.swift */; };
		8BCDCF6A284E51A6004B456B /* AccountSummaryCell.swift in Sources */ = {isa = PBXBuildFile; fileRef = 8BCDCF69284E51A6004B456B /* AccountSummaryCell.swift */; };
		8BD665A4282B1C1300995301 /* AppDelegate.swift in Sources */ = {isa = PBXBuildFile; fileRef = 8BD665A3282B1C1300995301 /* AppDelegate.swift */; };
		8BD665A8282B1C1300995301 /* LoginViewController.swift in Sources */ = {isa = PBXBuildFile; fileRef = 8BD665A7282B1C1300995301 /* LoginViewController.swift */; };
		8BD665AD282B1C1400995301 /* Assets.xcassets in Resources */ = {isa = PBXBuildFile; fileRef = 8BD665AC282B1C1400995301 /* Assets.xcassets */; };
		8BD665B0282B1C1400995301 /* LaunchScreen.storyboard in Resources */ = {isa = PBXBuildFile; fileRef = 8BD665AE282B1C1400995301 /* LaunchScreen.storyboard */; };
		8BD665BB282B1EC200995301 /* LoginView.swift in Sources */ = {isa = PBXBuildFile; fileRef = 8BD665BA282B1EC200995301 /* LoginView.swift */; };
		8BEF576D283BF4EF0071DFC0 /* DummyViewController.swift in Sources */ = {isa = PBXBuildFile; fileRef = 8BEF576C283BF4EF0071DFC0 /* DummyViewController.swift */; };
		8BFBCF212921A12F008FDF6D /* DecimalUtil.swift in Sources */ = {isa = PBXBuildFile; fileRef = 8BFBCF202921A12F008FDF6D /* DecimalUtil.swift */; };
/* End PBXBuildFile section */

/* Begin PBXFileReference section */
		8B359E8F28A54FB700B1D376 /* CurrencyFormatter.swift */ = {isa = PBXFileReference; lastKnownFileType = sourcecode.swift; path = CurrencyFormatter.swift; sourceTree = "<group>"; };
		8B53E97628467AF200486A74 /* UIViewController+Utils.swift */ = {isa = PBXFileReference; lastKnownFileType = sourcecode.swift; path = "UIViewController+Utils.swift"; sourceTree = "<group>"; };
		8B53E97828467CF000486A74 /* MainViewController.swift */ = {isa = PBXFileReference; lastKnownFileType = sourcecode.swift; path = MainViewController.swift; sourceTree = "<group>"; };
		8B5DB88E283FDEA70060ACBC /* LocaleState.swift */ = {isa = PBXFileReference; lastKnownFileType = sourcecode.swift; path = LocaleState.swift; sourceTree = "<group>"; };
		8B6155B6284A6F6700DB30E6 /* AccountSummaryViewController.swift */ = {isa = PBXFileReference; lastKnownFileType = sourcecode.swift; path = AccountSummaryViewController.swift; sourceTree = "<group>"; };
		8B6155B9284A737700DB30E6 /* AccountSummaryHeaderView.swift */ = {isa = PBXFileReference; lastKnownFileType = sourcecode.swift; path = AccountSummaryHeaderView.swift; sourceTree = "<group>"; };
		8B6155BB284A73C900DB30E6 /* AccountSummaryHeaderView.xib */ = {isa = PBXFileReference; lastKnownFileType = file.xib; path = AccountSummaryHeaderView.xib; sourceTree = "<group>"; };
		8BB1C7A72835612B0078DB08 /* OnboardingContainerViewController.swift */ = {isa = PBXFileReference; lastKnownFileType = sourcecode.swift; path = OnboardingContainerViewController.swift; sourceTree = "<group>"; };
		8BB1C7A9283566B20078DB08 /* OnboardingViewController.swift */ = {isa = PBXFileReference; lastKnownFileType = sourcecode.swift; path = OnboardingViewController.swift; sourceTree = "<group>"; };
		8BCDCF69284E51A6004B456B /* AccountSummaryCell.swift */ = {isa = PBXFileReference; lastKnownFileType = sourcecode.swift; path = AccountSummaryCell.swift; sourceTree = "<group>"; };
		8BD665A0282B1C1300995301 /* Bankey.app */ = {isa = PBXFileReference; explicitFileType = wrapper.application; includeInIndex = 0; path = Bankey.app; sourceTree = BUILT_PRODUCTS_DIR; };
		8BD665A3282B1C1300995301 /* AppDelegate.swift */ = {isa = PBXFileReference; lastKnownFileType = sourcecode.swift; path = AppDelegate.swift; sourceTree = "<group>"; };
		8BD665A7282B1C1300995301 /* LoginViewController.swift */ = {isa = PBXFileReference; lastKnownFileType = sourcecode.swift; path = LoginViewController.swift; sourceTree = "<group>"; };
		8BD665AC282B1C1400995301 /* Assets.xcassets */ = {isa = PBXFileReference; lastKnownFileType = folder.assetcatalog; path = Assets.xcassets; sourceTree = "<group>"; };
		8BD665AF282B1C1400995301 /* Base */ = {isa = PBXFileReference; lastKnownFileType = file.storyboard; name = Base; path = Base.lproj/LaunchScreen.storyboard; sourceTree = "<group>"; };
		8BD665B1282B1C1400995301 /* Info.plist */ = {isa = PBXFileReference; lastKnownFileType = text.plist.xml; path = Info.plist; sourceTree = "<group>"; };
		8BD665BA282B1EC200995301 /* LoginView.swift */ = {isa = PBXFileReference; lastKnownFileType = sourcecode.swift; path = LoginView.swift; sourceTree = "<group>"; };
		8BEF576C283BF4EF0071DFC0 /* DummyViewController.swift */ = {isa = PBXFileReference; lastKnownFileType = sourcecode.swift; path = DummyViewController.swift; sourceTree = "<group>"; };
		8BFBCF202921A12F008FDF6D /* DecimalUtil.swift */ = {isa = PBXFileReference; lastKnownFileType = sourcecode.swift; path = DecimalUtil.swift; sourceTree = "<group>"; };
/* End PBXFileReference section */

/* Begin PBXFrameworksBuildPhase section */
		8BD6659D282B1C1300995301 /* Frameworks */ = {
			isa = PBXFrameworksBuildPhase;
			buildActionMask = 2147483647;
			files = (
			);
			runOnlyForDeploymentPostprocessing = 0;
		};
/* End PBXFrameworksBuildPhase section */

/* Begin PBXGroup section */
		8B577CA52834046E0093639C /* Onboarding */ = {
			isa = PBXGroup;
			children = (
				8BB1C7A72835612B0078DB08 /* OnboardingContainerViewController.swift */,
				8BB1C7A9283566B20078DB08 /* OnboardingViewController.swift */,
			);
			path = Onboarding;
			sourceTree = "<group>";
		};
		8B5DB88D283FDE950060ACBC /* Utils */ = {
			isa = PBXGroup;
			children = (
				8B5DB88E283FDEA70060ACBC /* LocaleState.swift */,
				8B53E97628467AF200486A74 /* UIViewController+Utils.swift */,
				8B359E8F28A54FB700B1D376 /* CurrencyFormatter.swift */,
				8BFBCF202921A12F008FDF6D /* DecimalUtil.swift */,
			);
			path = Utils;
			sourceTree = "<group>";
		};
		8B6155B8284A6F7600DB30E6 /* AccountSummary */ = {
			isa = PBXGroup;
			children = (
				8B6155B6284A6F6700DB30E6 /* AccountSummaryViewController.swift */,
				8BCDCF67284E5170004B456B /* Header */,
				8BCDCF68284E5182004B456B /* Cells */,
			);
			path = AccountSummary;
			sourceTree = "<group>";
		};
		8BCDCF67284E5170004B456B /* Header */ = {
			isa = PBXGroup;
			children = (
				8B6155B9284A737700DB30E6 /* AccountSummaryHeaderView.swift */,
				8B6155BB284A73C900DB30E6 /* AccountSummaryHeaderView.xib */,
			);
			path = Header;
			sourceTree = "<group>";
		};
		8BCDCF68284E5182004B456B /* Cells */ = {
			isa = PBXGroup;
			children = (
				8BCDCF69284E51A6004B456B /* AccountSummaryCell.swift */,
			);
			path = Cells;
			sourceTree = "<group>";
		};
		8BD66597282B1C1300995301 = {
			isa = PBXGroup;
			children = (
				8BD665A2282B1C1300995301 /* Bankey */,
				8BD665A1282B1C1300995301 /* Products */,
			);
			sourceTree = "<group>";
		};
		8BD665A1282B1C1300995301 /* Products */ = {
			isa = PBXGroup;
			children = (
				8BD665A0282B1C1300995301 /* Bankey.app */,
			);
			name = Products;
			sourceTree = "<group>";
		};
		8BD665A2282B1C1300995301 /* Bankey */ = {
			isa = PBXGroup;
			children = (
				8BD665A3282B1C1300995301 /* AppDelegate.swift */,
				8B53E97828467CF000486A74 /* MainViewController.swift */,
				8B6155B8284A6F7600DB30E6 /* AccountSummary */,
				8BD665B9282B1E9000995301 /* Login */,
				8B577CA52834046E0093639C /* Onboarding */,
				8B5DB88D283FDE950060ACBC /* Utils */,
				8BD665B8282B1E4D00995301 /* Files */,
			);
			path = Bankey;
			sourceTree = "<group>";
		};
		8BD665B8282B1E4D00995301 /* Files */ = {
			isa = PBXGroup;
			children = (
				8BD665AC282B1C1400995301 /* Assets.xcassets */,
				8BD665AE282B1C1400995301 /* LaunchScreen.storyboard */,
				8BD665B1282B1C1400995301 /* Info.plist */,
			);
			name = Files;
			sourceTree = "<group>";
		};
		8BD665B9282B1E9000995301 /* Login */ = {
			isa = PBXGroup;
			children = (
				8BEF576C283BF4EF0071DFC0 /* DummyViewController.swift */,
				8BD665A7282B1C1300995301 /* LoginViewController.swift */,
				8BD665BA282B1EC200995301 /* LoginView.swift */,
			);
			path = Login;
			sourceTree = "<group>";
		};
/* End PBXGroup section */

/* Begin PBXNativeTarget section */
		8BD6659F282B1C1300995301 /* Bankey */ = {
			isa = PBXNativeTarget;
			buildConfigurationList = 8BD665B4282B1C1400995301 /* Build configuration list for PBXNativeTarget "Bankey" */;
			buildPhases = (
				8BD6659C282B1C1300995301 /* Sources */,
				8BD6659D282B1C1300995301 /* Frameworks */,
				8BD6659E282B1C1300995301 /* Resources */,
			);
			buildRules = (
			);
			dependencies = (
			);
			name = Bankey;
			productName = Bankey;
			productReference = 8BD665A0282B1C1300995301 /* Bankey.app */;
			productType = "com.apple.product-type.application";
		};
/* End PBXNativeTarget section */

/* Begin PBXProject section */
		8BD66598282B1C1300995301 /* Project object */ = {
			isa = PBXProject;
			attributes = {
				BuildIndependentTargetsInParallel = 1;
				LastSwiftUpdateCheck = 1330;
				LastUpgradeCheck = 1330;
				TargetAttributes = {
					8BD6659F282B1C1300995301 = {
						CreatedOnToolsVersion = 13.3.1;
					};
				};
			};
			buildConfigurationList = 8BD6659B282B1C1300995301 /* Build configuration list for PBXProject "Bankey" */;
			compatibilityVersion = "Xcode 13.0";
			developmentRegion = en;
			hasScannedForEncodings = 0;
			knownRegions = (
				en,
				Base,
			);
			mainGroup = 8BD66597282B1C1300995301;
			productRefGroup = 8BD665A1282B1C1300995301 /* Products */;
			projectDirPath = "";
			projectRoot = "";
			targets = (
				8BD6659F282B1C1300995301 /* Bankey */,
			);
		};
/* End PBXProject section */

/* Begin PBXResourcesBuildPhase section */
		8BD6659E282B1C1300995301 /* Resources */ = {
			isa = PBXResourcesBuildPhase;
			buildActionMask = 2147483647;
			files = (
				8B6155BC284A73C900DB30E6 /* AccountSummaryHeaderView.xib in Resources */,
				8BD665B0282B1C1400995301 /* LaunchScreen.storyboard in Resources */,
				8BD665AD282B1C1400995301 /* Assets.xcassets in Resources */,
			);
			runOnlyForDeploymentPostprocessing = 0;
		};
/* End PBXResourcesBuildPhase section */

/* Begin PBXSourcesBuildPhase section */
		8BD6659C282B1C1300995301 /* Sources */ = {
			isa = PBXSourcesBuildPhase;
			buildActionMask = 2147483647;
			files = (
				8B53E97728467AF200486A74 /* UIViewController+Utils.swift in Sources */,
				8BD665BB282B1EC200995301 /* LoginView.swift in Sources */,
				8BEF576D283BF4EF0071DFC0 /* DummyViewController.swift in Sources */,
				8B6155BA284A737700DB30E6 /* AccountSummaryHeaderView.swift in Sources */,
				8B5DB88F283FDEA70060ACBC /* LocaleState.swift in Sources */,
				8BD665A8282B1C1300995301 /* LoginViewController.swift in Sources */,
				8B359E9028A54FB700B1D376 /* CurrencyFormatter.swift in Sources */,
				8BCDCF6A284E51A6004B456B /* AccountSummaryCell.swift in Sources */,
				8BB1C7AA283566B20078DB08 /* OnboardingViewController.swift in Sources */,
				8B53E97928467CF000486A74 /* MainViewController.swift in Sources */,
				8B6155B7284A6F6700DB30E6 /* AccountSummaryViewController.swift in Sources */,
				8BFBCF212921A12F008FDF6D /* DecimalUtil.swift in Sources */,
				8BD665A4282B1C1300995301 /* AppDelegate.swift in Sources */,
				8BB1C7A82835612B0078DB08 /* OnboardingContainerViewController.swift in Sources */,
			);
			runOnlyForDeploymentPostprocessing = 0;
		};
/* End PBXSourcesBuildPhase section */

/* Begin PBXVariantGroup section */
		8BD665AE282B1C1400995301 /* LaunchScreen.storyboard */ = {
			isa = PBXVariantGroup;
			children = (
				8BD665AF282B1C1400995301 /* Base */,
			);
			name = LaunchScreen.storyboard;
			sourceTree = "<group>";
		};
/* End PBXVariantGroup section */

/* Begin XCBuildConfiguration section */
		8BD665B2282B1C1400995301 /* Debug */ = {
			isa = XCBuildConfiguration;
			buildSettings = {
				ALWAYS_SEARCH_USER_PATHS = NO;
				CLANG_ANALYZER_NONNULL = YES;
				CLANG_ANALYZER_NUMBER_OBJECT_CONVERSION = YES_AGGRESSIVE;
				CLANG_CXX_LANGUAGE_STANDARD = "gnu++17";
				CLANG_ENABLE_MODULES = YES;
				CLANG_ENABLE_OBJC_ARC = YES;
				CLANG_ENABLE_OBJC_WEAK = YES;
				CLANG_WARN_BLOCK_CAPTURE_AUTORELEASING = YES;
				CLANG_WARN_BOOL_CONVERSION = YES;
				CLANG_WARN_COMMA = YES;
				CLANG_WARN_CONSTANT_CONVERSION = YES;
				CLANG_WARN_DEPRECATED_OBJC_IMPLEMENTATIONS = YES;
				CLANG_WARN_DIRECT_OBJC_ISA_USAGE = YES_ERROR;
				CLANG_WARN_DOCUMENTATION_COMMENTS = YES;
				CLANG_WARN_EMPTY_BODY = YES;
				CLANG_WARN_ENUM_CONVERSION = YES;
				CLANG_WARN_INFINITE_RECURSION = YES;
				CLANG_WARN_INT_CONVERSION = YES;
				CLANG_WARN_NON_LITERAL_NULL_CONVERSION = YES;
				CLANG_WARN_OBJC_IMPLICIT_RETAIN_SELF = YES;
				CLANG_WARN_OBJC_LITERAL_CONVERSION = YES;
				CLANG_WARN_OBJC_ROOT_CLASS = YES_ERROR;
				CLANG_WARN_QUOTED_INCLUDE_IN_FRAMEWORK_HEADER = YES;
				CLANG_WARN_RANGE_LOOP_ANALYSIS = YES;
				CLANG_WARN_STRICT_PROTOTYPES = YES;
				CLANG_WARN_SUSPICIOUS_MOVE = YES;
				CLANG_WARN_UNGUARDED_AVAILABILITY = YES_AGGRESSIVE;
				CLANG_WARN_UNREACHABLE_CODE = YES;
				CLANG_WARN__DUPLICATE_METHOD_MATCH = YES;
				COPY_PHASE_STRIP = NO;
				DEBUG_INFORMATION_FORMAT = dwarf;
				ENABLE_STRICT_OBJC_MSGSEND = YES;
				ENABLE_TESTABILITY = YES;
				GCC_C_LANGUAGE_STANDARD = gnu11;
				GCC_DYNAMIC_NO_PIC = NO;
				GCC_NO_COMMON_BLOCKS = YES;
				GCC_OPTIMIZATION_LEVEL = 0;
				GCC_PREPROCESSOR_DEFINITIONS = (
					"DEBUG=1",
					"$(inherited)",
				);
				GCC_WARN_64_TO_32_BIT_CONVERSION = YES;
				GCC_WARN_ABOUT_RETURN_TYPE = YES_ERROR;
				GCC_WARN_UNDECLARED_SELECTOR = YES;
				GCC_WARN_UNINITIALIZED_AUTOS = YES_AGGRESSIVE;
				GCC_WARN_UNUSED_FUNCTION = YES;
				GCC_WARN_UNUSED_VARIABLE = YES;
				IPHONEOS_DEPLOYMENT_TARGET = 15.4;
				MTL_ENABLE_DEBUG_INFO = INCLUDE_SOURCE;
				MTL_FAST_MATH = YES;
				ONLY_ACTIVE_ARCH = YES;
				SDKROOT = iphoneos;
				SWIFT_ACTIVE_COMPILATION_CONDITIONS = DEBUG;
				SWIFT_OPTIMIZATION_LEVEL = "-Onone";
			};
			name = Debug;
		};
		8BD665B3282B1C1400995301 /* Release */ = {
			isa = XCBuildConfiguration;
			buildSettings = {
				ALWAYS_SEARCH_USER_PATHS = NO;
				CLANG_ANALYZER_NONNULL = YES;
				CLANG_ANALYZER_NUMBER_OBJECT_CONVERSION = YES_AGGRESSIVE;
				CLANG_CXX_LANGUAGE_STANDARD = "gnu++17";
				CLANG_ENABLE_MODULES = YES;
				CLANG_ENABLE_OBJC_ARC = YES;
				CLANG_ENABLE_OBJC_WEAK = YES;
				CLANG_WARN_BLOCK_CAPTURE_AUTORELEASING = YES;
				CLANG_WARN_BOOL_CONVERSION = YES;
				CLANG_WARN_COMMA = YES;
				CLANG_WARN_CONSTANT_CONVERSION = YES;
				CLANG_WARN_DEPRECATED_OBJC_IMPLEMENTATIONS = YES;
				CLANG_WARN_DIRECT_OBJC_ISA_USAGE = YES_ERROR;
				CLANG_WARN_DOCUMENTATION_COMMENTS = YES;
				CLANG_WARN_EMPTY_BODY = YES;
				CLANG_WARN_ENUM_CONVERSION = YES;
				CLANG_WARN_INFINITE_RECURSION = YES;
				CLANG_WARN_INT_CONVERSION = YES;
				CLANG_WARN_NON_LITERAL_NULL_CONVERSION = YES;
				CLANG_WARN_OBJC_IMPLICIT_RETAIN_SELF = YES;
				CLANG_WARN_OBJC_LITERAL_CONVERSION = YES;
				CLANG_WARN_OBJC_ROOT_CLASS = YES_ERROR;
				CLANG_WARN_QUOTED_INCLUDE_IN_FRAMEWORK_HEADER = YES;
				CLANG_WARN_RANGE_LOOP_ANALYSIS = YES;
				CLANG_WARN_STRICT_PROTOTYPES = YES;
				CLANG_WARN_SUSPICIOUS_MOVE = YES;
				CLANG_WARN_UNGUARDED_AVAILABILITY = YES_AGGRESSIVE;
				CLANG_WARN_UNREACHABLE_CODE = YES;
				CLANG_WARN__DUPLICATE_METHOD_MATCH = YES;
				COPY_PHASE_STRIP = NO;
				DEBUG_INFORMATION_FORMAT = "dwarf-with-dsym";
				ENABLE_NS_ASSERTIONS = NO;
				ENABLE_STRICT_OBJC_MSGSEND = YES;
				GCC_C_LANGUAGE_STANDARD = gnu11;
				GCC_NO_COMMON_BLOCKS = YES;
				GCC_WARN_64_TO_32_BIT_CONVERSION = YES;
				GCC_WARN_ABOUT_RETURN_TYPE = YES_ERROR;
				GCC_WARN_UNDECLARED_SELECTOR = YES;
				GCC_WARN_UNINITIALIZED_AUTOS = YES_AGGRESSIVE;
				GCC_WARN_UNUSED_FUNCTION = YES;
				GCC_WARN_UNUSED_VARIABLE = YES;
				IPHONEOS_DEPLOYMENT_TARGET = 15.4;
				MTL_ENABLE_DEBUG_INFO = NO;
				MTL_FAST_MATH = YES;
				SDKROOT = iphoneos;
				SWIFT_COMPILATION_MODE = wholemodule;
				SWIFT_OPTIMIZATION_LEVEL = "-O";
				VALIDATE_PRODUCT = YES;
			};
			name = Release;
		};
		8BD665B5282B1C1400995301 /* Debug */ = {
			isa = XCBuildConfiguration;
			buildSettings = {
				ASSETCATALOG_COMPILER_APPICON_NAME = AppIcon;
				ASSETCATALOG_COMPILER_GLOBAL_ACCENT_COLOR_NAME = AccentColor;
				CODE_SIGN_STYLE = Automatic;
				CURRENT_PROJECT_VERSION = 1;
				DEVELOPMENT_TEAM = W2XGFCJV6C;
				GENERATE_INFOPLIST_FILE = YES;
				INFOPLIST_FILE = Bankey/Info.plist;
				INFOPLIST_KEY_UIApplicationSupportsIndirectInputEvents = YES;
				INFOPLIST_KEY_UILaunchStoryboardName = LaunchScreen;
				INFOPLIST_KEY_UISupportedInterfaceOrientations_iPad = "UIInterfaceOrientationPortrait UIInterfaceOrientationPortraitUpsideDown UIInterfaceOrientationLandscapeLeft UIInterfaceOrientationLandscapeRight";
				INFOPLIST_KEY_UISupportedInterfaceOrientations_iPhone = "UIInterfaceOrientationPortrait UIInterfaceOrientationLandscapeLeft UIInterfaceOrientationLandscapeRight";
				LD_RUNPATH_SEARCH_PATHS = (
					"$(inherited)",
					"@executable_path/Frameworks",
				);
				MARKETING_VERSION = 1.0;
				PRODUCT_BUNDLE_IDENTIFIER = "Miguel-Solans.Bankey";
				PRODUCT_NAME = "$(TARGET_NAME)";
				SWIFT_EMIT_LOC_STRINGS = YES;
				SWIFT_VERSION = 5.0;
				TARGETED_DEVICE_FAMILY = "1,2";
			};
			name = Debug;
		};
		8BD665B6282B1C1400995301 /* Release */ = {
			isa = XCBuildConfiguration;
			buildSettings = {
				ASSETCATALOG_COMPILER_APPICON_NAME = AppIcon;
				ASSETCATALOG_COMPILER_GLOBAL_ACCENT_COLOR_NAME = AccentColor;
				CODE_SIGN_STYLE = Automatic;
				CURRENT_PROJECT_VERSION = 1;
				DEVELOPMENT_TEAM = W2XGFCJV6C;
				GENERATE_INFOPLIST_FILE = YES;
				INFOPLIST_FILE = Bankey/Info.plist;
				INFOPLIST_KEY_UIApplicationSupportsIndirectInputEvents = YES;
				INFOPLIST_KEY_UILaunchStoryboardName = LaunchScreen;
				INFOPLIST_KEY_UISupportedInterfaceOrientations_iPad = "UIInterfaceOrientationPortrait UIInterfaceOrientationPortraitUpsideDown UIInterfaceOrientationLandscapeLeft UIInterfaceOrientationLandscapeRight";
				INFOPLIST_KEY_UISupportedInterfaceOrientations_iPhone = "UIInterfaceOrientationPortrait UIInterfaceOrientationLandscapeLeft UIInterfaceOrientationLandscapeRight";
				LD_RUNPATH_SEARCH_PATHS = (
					"$(inherited)",
					"@executable_path/Frameworks",
				);
				MARKETING_VERSION = 1.0;
				PRODUCT_BUNDLE_IDENTIFIER = "Miguel-Solans.Bankey";
				PRODUCT_NAME = "$(TARGET_NAME)";
				SWIFT_EMIT_LOC_STRINGS = YES;
				SWIFT_VERSION = 5.0;
				TARGETED_DEVICE_FAMILY = "1,2";
			};
			name = Release;
		};
/* End XCBuildConfiguration section */

/* Begin XCConfigurationList section */
		8BD6659B282B1C1300995301 /* Build configuration list for PBXProject "Bankey" */ = {
			isa = XCConfigurationList;
			buildConfigurations = (
				8BD665B2282B1C1400995301 /* Debug */,
				8BD665B3282B1C1400995301 /* Release */,
			);
			defaultConfigurationIsVisible = 0;
			defaultConfigurationName = Release;
		};
		8BD665B4282B1C1400995301 /* Build configuration list for PBXNativeTarget "Bankey" */ = {
			isa = XCConfigurationList;
			buildConfigurations = (
				8BD665B5282B1C1400995301 /* Debug */,
				8BD665B6282B1C1400995301 /* Release */,
			);
			defaultConfigurationIsVisible = 0;
			defaultConfigurationName = Release;
		};
/* End XCConfigurationList section */
	};
	rootObject = 8BD66598282B1C1300995301 /* Project object */;
}
